
Microsoft Visual Studio Solution File, Format Version 12.00
# Visual Studio Version 16
VisualStudioVersion = 16.0.32802.440
MinimumVisualStudioVersion = 10.0.40219.1
Project("{8BC9CEB8-8B4A-11D0-8D11-00A0C91BC942}") = "Sandbox", "Sandbox\Sandbox.vcxproj", "{8938B187-3D78-440C-8E2D-8768D255665D}"
EndProject
Project("{8BC9CEB8-8B4A-11D0-8D11-00A0C91BC942}") = "Hazel", "Hazel\Hazel.vcxproj", "{5D6943C3-9F64-481B-8B9E-F39617915935}"
EndProject
Global
	GlobalSection(SolutionConfigurationPlatforms) = preSolution
		Debug|x64 = Debug|x64
		Release|x64 = Release|x64
	EndGlobalSection
	GlobalSection(ProjectConfigurationPlatforms) = postSolution
		{5D6943C3-9F64-481B-8B9E-F39617915935}.Debug|x64.ActiveCfg = Debug|x64
		{5D6943C3-9F64-481B-8B9E-F39617915935}.Debug|x64.Build.0 = Debug|x64
		{5D6943C3-9F64-481B-8B9E-F39617915935}.Release|x64.ActiveCfg = Release|x64
		{5D6943C3-9F64-481B-8B9E-F39617915935}.Release|x64.Build.0 = Release|x64
		{8938B187-3D78-440C-8E2D-8768D255665D}.Debug|x64.ActiveCfg = Debug|x64
		{8938B187-3D78-440C-8E2D-8768D255665D}.Debug|x64.Build.0 = Debug|x64
		{8938B187-3D78-440C-8E2D-8768D255665D}.Release|x64.ActiveCfg = Release|x64
		{8938B187-3D78-440C-8E2D-8768D255665D}.Release|x64.Build.0 = Release|x64
	EndGlobalSection
	GlobalSection(SolutionProperties) = preSolution
		HideSolutionNode = FALSE
	EndGlobalSection
	GlobalSection(ExtensibilityGlobals) = postSolution
		SolutionGuid = {0B41826F-7B41-4626-A574-4D07FF5958B0}
	EndGlobalSection
EndGlobal
